
Microsoft Visual Studio Solution File, Format Version 12.00
# Visual Studio Version 17
VisualStudioVersion = 17.3.32929.385
MinimumVisualStudioVersion = 10.0.40219.1
Project("{9A19103F-16F7-4668-BE54-9A1E7A4F7556}") = "AkcijeSkoleWebApi", "AkcijeSkoleWebApi\AkcijeSkoleWebApi.csproj", "{2522C35D-CB14-40F1-96A8-D952710118E4}"
EndProject
Project("{9A19103F-16F7-4668-BE54-9A1E7A4F7556}") = "AkcijeSkole.Commons", "AkcijeSkole.Commons\AkcijeSkole.Commons.csproj", "{5DC18492-2431-4B12-9172-33F6A98CADFA}"
EndProject
Project("{9A19103F-16F7-4668-BE54-9A1E7A4F7556}") = "AkcijeSkole.DataAccess.SqlServer", "AkcijeSkole.DataAccess.SqlServer\AkcijeSkole.DataAccess.SqlServer.csproj", "{9D7CFE93-D8B6-4D5B-9F60-0F2F3B6799B3}"
EndProject
Project("{9A19103F-16F7-4668-BE54-9A1E7A4F7556}") = "AkcijeSkole.Domain", "AkcijeSkole.Domain\AkcijeSkole.Domain.csproj", "{67E8303F-F924-44EE-AFDF-4D7D931B5FDB}"
EndProject
Project("{9A19103F-16F7-4668-BE54-9A1E7A4F7556}") = "AkcijeSkole.Repositories", "AkcijeSkoleRepositories\AkcijeSkole.Repositories.csproj", "{952FB5C3-D81B-4599-8CCE-9AF3A9F8E8F4}"
EndProject
Project("{9A19103F-16F7-4668-BE54-9A1E7A4F7556}") = "AkcijeSkole.Repositories.SqlServer", "AkcijeSkole.Repositories.SqlServer\AkcijeSkole.Repositories.SqlServer.csproj", "{AFBCE1FD-1C9F-4406-957A-5FBD198C9CB7}"
EndProject
Global
	GlobalSection(SolutionConfigurationPlatforms) = preSolution
		Debug|Any CPU = Debug|Any CPU
		Release|Any CPU = Release|Any CPU
	EndGlobalSection
	GlobalSection(ProjectConfigurationPlatforms) = postSolution
		{2522C35D-CB14-40F1-96A8-D952710118E4}.Debug|Any CPU.ActiveCfg = Debug|Any CPU
		{2522C35D-CB14-40F1-96A8-D952710118E4}.Debug|Any CPU.Build.0 = Debug|Any CPU
		{2522C35D-CB14-40F1-96A8-D952710118E4}.Release|Any CPU.ActiveCfg = Release|Any CPU
		{2522C35D-CB14-40F1-96A8-D952710118E4}.Release|Any CPU.Build.0 = Release|Any CPU
		{5DC18492-2431-4B12-9172-33F6A98CADFA}.Debug|Any CPU.ActiveCfg = Debug|Any CPU
		{5DC18492-2431-4B12-9172-33F6A98CADFA}.Debug|Any CPU.Build.0 = Debug|Any CPU
		{5DC18492-2431-4B12-9172-33F6A98CADFA}.Release|Any CPU.ActiveCfg = Release|Any CPU
		{5DC18492-2431-4B12-9172-33F6A98CADFA}.Release|Any CPU.Build.0 = Release|Any CPU
		{9D7CFE93-D8B6-4D5B-9F60-0F2F3B6799B3}.Debug|Any CPU.ActiveCfg = Debug|Any CPU
		{9D7CFE93-D8B6-4D5B-9F60-0F2F3B6799B3}.Debug|Any CPU.Build.0 = Debug|Any CPU
		{9D7CFE93-D8B6-4D5B-9F60-0F2F3B6799B3}.Release|Any CPU.ActiveCfg = Release|Any CPU
		{9D7CFE93-D8B6-4D5B-9F60-0F2F3B6799B3}.Release|Any CPU.Build.0 = Release|Any CPU
		{67E8303F-F924-44EE-AFDF-4D7D931B5FDB}.Debug|Any CPU.ActiveCfg = Debug|Any CPU
		{67E8303F-F924-44EE-AFDF-4D7D931B5FDB}.Debug|Any CPU.Build.0 = Debug|Any CPU
		{67E8303F-F924-44EE-AFDF-4D7D931B5FDB}.Release|Any CPU.ActiveCfg = Release|Any CPU
		{67E8303F-F924-44EE-AFDF-4D7D931B5FDB}.Release|Any CPU.Build.0 = Release|Any CPU
		{952FB5C3-D81B-4599-8CCE-9AF3A9F8E8F4}.Debug|Any CPU.ActiveCfg = Debug|Any CPU
		{952FB5C3-D81B-4599-8CCE-9AF3A9F8E8F4}.Debug|Any CPU.Build.0 = Debug|Any CPU
		{952FB5C3-D81B-4599-8CCE-9AF3A9F8E8F4}.Release|Any CPU.ActiveCfg = Release|Any CPU
		{952FB5C3-D81B-4599-8CCE-9AF3A9F8E8F4}.Release|Any CPU.Build.0 = Release|Any CPU
		{AFBCE1FD-1C9F-4406-957A-5FBD198C9CB7}.Debug|Any CPU.ActiveCfg = Debug|Any CPU
		{AFBCE1FD-1C9F-4406-957A-5FBD198C9CB7}.Debug|Any CPU.Build.0 = Debug|Any CPU
		{AFBCE1FD-1C9F-4406-957A-5FBD198C9CB7}.Release|Any CPU.ActiveCfg = Release|Any CPU
		{AFBCE1FD-1C9F-4406-957A-5FBD198C9CB7}.Release|Any CPU.Build.0 = Release|Any CPU
	EndGlobalSection
	GlobalSection(SolutionProperties) = preSolution
		HideSolutionNode = FALSE
	EndGlobalSection
	GlobalSection(ExtensibilityGlobals) = postSolution
		SolutionGuid = {C057F018-F303-44C4-9278-891A1C6D30A5}
	EndGlobalSection
EndGlobal
